
Microsoft Visual Studio Solution File, Format Version 12.00
# Visual Studio Version 17
VisualStudioVersion = 17.2.32505.173
MinimumVisualStudioVersion = 10.0.40219.1
Project("{FAE04EC0-301F-11D3-BF4B-00C04F79EFBC}") = "homework", "homework\homework.csproj", "{74692003-267B-45C7-8157-A6283E822187}"
EndProject
Project("{9A19103F-16F7-4668-BE54-9A1E7A4F7556}") = "abraman", "abraman\abraman.csproj", "{E87FBC86-615F-4BD2-81B9-0E4738B9CDE6}"
EndProject
Project("{9A19103F-16F7-4668-BE54-9A1E7A4F7556}") = "Food Delivery", "Food Delivery\Food Delivery.csproj", "{C80C66B2-3D07-415E-96E6-F004033DFA1E}"
EndProject
Project("{9A19103F-16F7-4668-BE54-9A1E7A4F7556}") = "Students", "Students\Students.csproj", "{38A1F96B-7283-4A97-A382-879FCE3E29F8}"
EndProject
Project("{9A19103F-16F7-4668-BE54-9A1E7A4F7556}") = "Timer", "Timer\Timer.csproj", "{2704F87E-964F-4DCC-A129-2E5FA2B08F48}"
EndProject
Project("{FAE04EC0-301F-11D3-BF4B-00C04F79EFBC}") = "stock market", "stock market\stock market.csproj", "{B9AF1C4F-96A9-499F-B762-AEE2DCC90D38}"
EndProject
Global
	GlobalSection(SolutionConfigurationPlatforms) = preSolution
		Debug|Any CPU = Debug|Any CPU
		Release|Any CPU = Release|Any CPU
	EndGlobalSection
	GlobalSection(ProjectConfigurationPlatforms) = postSolution
		{74692003-267B-45C7-8157-A6283E822187}.Debug|Any CPU.ActiveCfg = Debug|Any CPU
		{74692003-267B-45C7-8157-A6283E822187}.Debug|Any CPU.Build.0 = Debug|Any CPU
		{74692003-267B-45C7-8157-A6283E822187}.Release|Any CPU.ActiveCfg = Release|Any CPU
		{74692003-267B-45C7-8157-A6283E822187}.Release|Any CPU.Build.0 = Release|Any CPU
		{E87FBC86-615F-4BD2-81B9-0E4738B9CDE6}.Debug|Any CPU.ActiveCfg = Debug|Any CPU
		{E87FBC86-615F-4BD2-81B9-0E4738B9CDE6}.Debug|Any CPU.Build.0 = Debug|Any CPU
		{E87FBC86-615F-4BD2-81B9-0E4738B9CDE6}.Release|Any CPU.ActiveCfg = Release|Any CPU
		{E87FBC86-615F-4BD2-81B9-0E4738B9CDE6}.Release|Any CPU.Build.0 = Release|Any CPU
		{C80C66B2-3D07-415E-96E6-F004033DFA1E}.Debug|Any CPU.ActiveCfg = Debug|Any CPU
		{C80C66B2-3D07-415E-96E6-F004033DFA1E}.Debug|Any CPU.Build.0 = Debug|Any CPU
		{C80C66B2-3D07-415E-96E6-F004033DFA1E}.Release|Any CPU.ActiveCfg = Release|Any CPU
		{C80C66B2-3D07-415E-96E6-F004033DFA1E}.Release|Any CPU.Build.0 = Release|Any CPU
		{38A1F96B-7283-4A97-A382-879FCE3E29F8}.Debug|Any CPU.ActiveCfg = Debug|Any CPU
		{38A1F96B-7283-4A97-A382-879FCE3E29F8}.Debug|Any CPU.Build.0 = Debug|Any CPU
		{38A1F96B-7283-4A97-A382-879FCE3E29F8}.Release|Any CPU.ActiveCfg = Release|Any CPU
		{38A1F96B-7283-4A97-A382-879FCE3E29F8}.Release|Any CPU.Build.0 = Release|Any CPU
		{2704F87E-964F-4DCC-A129-2E5FA2B08F48}.Debug|Any CPU.ActiveCfg = Debug|Any CPU
		{2704F87E-964F-4DCC-A129-2E5FA2B08F48}.Debug|Any CPU.Build.0 = Debug|Any CPU
		{2704F87E-964F-4DCC-A129-2E5FA2B08F48}.Release|Any CPU.ActiveCfg = Release|Any CPU
		{2704F87E-964F-4DCC-A129-2E5FA2B08F48}.Release|Any CPU.Build.0 = Release|Any CPU
		{B9AF1C4F-96A9-499F-B762-AEE2DCC90D38}.Debug|Any CPU.ActiveCfg = Debug|Any CPU
		{B9AF1C4F-96A9-499F-B762-AEE2DCC90D38}.Debug|Any CPU.Build.0 = Debug|Any CPU
		{B9AF1C4F-96A9-499F-B762-AEE2DCC90D38}.Release|Any CPU.ActiveCfg = Release|Any CPU
		{B9AF1C4F-96A9-499F-B762-AEE2DCC90D38}.Release|Any CPU.Build.0 = Release|Any CPU
	EndGlobalSection
	GlobalSection(SolutionProperties) = preSolution
		HideSolutionNode = FALSE
	EndGlobalSection
	GlobalSection(ExtensibilityGlobals) = postSolution
		SolutionGuid = {BC6A887C-8E40-4EF4-B8C9-C06A8AF7A830}
	EndGlobalSection
EndGlobal
